
Microsoft Visual Studio Solution File, Format Version 12.00
# Visual Studio Version 17
VisualStudioVersion = 17.14.36429.23
MinimumVisualStudioVersion = 10.0.40219.1
Project("{FAE04EC0-301F-11D3-BF4B-00C04F79EFBC}") = "UniversityApiBackend", "UniversityApiBackend\UniversityApiBackend.csproj", "{273F8150-EA60-4918-9D41-A3686BA488E8}"
EndProject
Project("{FAE04EC0-301F-11D3-BF4B-00C04F79EFBC}") = "LinqSnippets", "LinqSnippets\LinqSnippets.csproj", "{76C103CE-A339-4239-8567-EA35C8741645}"
EndProject
Global
	GlobalSection(SolutionConfigurationPlatforms) = preSolution
		Debug|Any CPU = Debug|Any CPU
		Release|Any CPU = Release|Any CPU
	EndGlobalSection
	GlobalSection(ProjectConfigurationPlatforms) = postSolution
		{273F8150-EA60-4918-9D41-A3686BA488E8}.Debug|Any CPU.ActiveCfg = Debug|Any CPU
		{273F8150-EA60-4918-9D41-A3686BA488E8}.Debug|Any CPU.Build.0 = Debug|Any CPU
		{273F8150-EA60-4918-9D41-A3686BA488E8}.Release|Any CPU.ActiveCfg = Release|Any CPU
		{273F8150-EA60-4918-9D41-A3686BA488E8}.Release|Any CPU.Build.0 = Release|Any CPU
		{76C103CE-A339-4239-8567-EA35C8741645}.Debug|Any CPU.ActiveCfg = Debug|Any CPU
		{76C103CE-A339-4239-8567-EA35C8741645}.Debug|Any CPU.Build.0 = Debug|Any CPU
		{76C103CE-A339-4239-8567-EA35C8741645}.Release|Any CPU.ActiveCfg = Release|Any CPU
		{76C103CE-A339-4239-8567-EA35C8741645}.Release|Any CPU.Build.0 = Release|Any CPU
	EndGlobalSection
	GlobalSection(SolutionProperties) = preSolution
		HideSolutionNode = FALSE
	EndGlobalSection
	GlobalSection(ExtensibilityGlobals) = postSolution
		SolutionGuid = {2A9B6569-DFF5-4D12-9DF7-811230BB5AC8}
	EndGlobalSection
EndGlobal
